
Microsoft Visual Studio Solution File, Format Version 12.00
Project("{2150E333-8FDC-42A3-9474-1A3956D46DE8}") = "Server", "Server", "{62B8270D-94EE-4C74-989F-4E616CF246EB}"
EndProject
Project("{FAE04EC0-301F-11D3-BF4B-00C04F79EFBC}") = "Entities", "Server\Entities\Entities.csproj", "{2C11443B-D68F-4C9B-BC61-72A0ABF45DC2}"
EndProject
Project("{FAE04EC0-301F-11D3-BF4B-00C04F79EFBC}") = "RepositoryContracts", "Server\RepositoryContracts\RepositoryContracts.csproj", "{BE82F6F8-8478-40DF-BBCC-EC35EA916884}"
EndProject
Project("{FAE04EC0-301F-11D3-BF4B-00C04F79EFBC}") = "InMemoryRepositories", "Server\InMemoryRepositories\InMemoryRepositories.csproj", "{83217AB6-BF61-4373-AE29-F2F655A5A6D0}"
EndProject
Project("{FAE04EC0-301F-11D3-BF4B-00C04F79EFBC}") = "CLI", "Server\CLI\CLI.csproj", "{591AE43C-1FFB-4417-92F4-E095F5EB4E55}"
EndProject
Project("{FAE04EC0-301F-11D3-BF4B-00C04F79EFBC}") = "FileRepositories", "Server\FileRepositories\FileRepositories.csproj", "{C279F38B-7E68-4D60-820F-37BF74AD673F}"
EndProject
Project("{2150E333-8FDC-42A3-9474-1A3956D46DE8}") = "Shared", "Shared", "{975C9FA2-9643-44AF-9163-7EEF58B92E1A}"
EndProject
Project("{FAE04EC0-301F-11D3-BF4B-00C04F79EFBC}") = "ApiContracts", "Shared\ApiContracts\ApiContracts.csproj", "{7CE22269-E105-4403-8C77-3DCD0B87ACC8}"
EndProject
Project("{FAE04EC0-301F-11D3-BF4B-00C04F79EFBC}") = "WebAPI", "Server\WebAPI\WebAPI.csproj", "{550E0141-22E9-4332-B7E0-ABC7B573B7AC}"
EndProject
Project("{2150E333-8FDC-42A3-9474-1A3956D46DE8}") = "Client", "Client", "{0E699E56-42A4-487D-9E07-4A1AF1151887}"
EndProject
Project("{FAE04EC0-301F-11D3-BF4B-00C04F79EFBC}") = "BlazorApp", "Client\BlazorApp\BlazorApp.csproj", "{263B4C56-C29C-45A4-8A0D-B32628F061DF}"
EndProject
Global
	GlobalSection(SolutionConfigurationPlatforms) = preSolution
		Debug|Any CPU = Debug|Any CPU
		Release|Any CPU = Release|Any CPU
	EndGlobalSection
	GlobalSection(NestedProjects) = preSolution
		{2C11443B-D68F-4C9B-BC61-72A0ABF45DC2} = {62B8270D-94EE-4C74-989F-4E616CF246EB}
		{BE82F6F8-8478-40DF-BBCC-EC35EA916884} = {62B8270D-94EE-4C74-989F-4E616CF246EB}
		{83217AB6-BF61-4373-AE29-F2F655A5A6D0} = {62B8270D-94EE-4C74-989F-4E616CF246EB}
		{591AE43C-1FFB-4417-92F4-E095F5EB4E55} = {62B8270D-94EE-4C74-989F-4E616CF246EB}
		{C279F38B-7E68-4D60-820F-37BF74AD673F} = {62B8270D-94EE-4C74-989F-4E616CF246EB}
		{7CE22269-E105-4403-8C77-3DCD0B87ACC8} = {975C9FA2-9643-44AF-9163-7EEF58B92E1A}
		{550E0141-22E9-4332-B7E0-ABC7B573B7AC} = {62B8270D-94EE-4C74-989F-4E616CF246EB}
		{263B4C56-C29C-45A4-8A0D-B32628F061DF} = {0E699E56-42A4-487D-9E07-4A1AF1151887}
	EndGlobalSection
	GlobalSection(ProjectConfigurationPlatforms) = postSolution
		{2C11443B-D68F-4C9B-BC61-72A0ABF45DC2}.Debug|Any CPU.ActiveCfg = Debug|Any CPU
		{2C11443B-D68F-4C9B-BC61-72A0ABF45DC2}.Debug|Any CPU.Build.0 = Debug|Any CPU
		{2C11443B-D68F-4C9B-BC61-72A0ABF45DC2}.Release|Any CPU.ActiveCfg = Release|Any CPU
		{2C11443B-D68F-4C9B-BC61-72A0ABF45DC2}.Release|Any CPU.Build.0 = Release|Any CPU
		{BE82F6F8-8478-40DF-BBCC-EC35EA916884}.Debug|Any CPU.ActiveCfg = Debug|Any CPU
		{BE82F6F8-8478-40DF-BBCC-EC35EA916884}.Debug|Any CPU.Build.0 = Debug|Any CPU
		{BE82F6F8-8478-40DF-BBCC-EC35EA916884}.Release|Any CPU.ActiveCfg = Release|Any CPU
		{BE82F6F8-8478-40DF-BBCC-EC35EA916884}.Release|Any CPU.Build.0 = Release|Any CPU
		{83217AB6-BF61-4373-AE29-F2F655A5A6D0}.Debug|Any CPU.ActiveCfg = Debug|Any CPU
		{83217AB6-BF61-4373-AE29-F2F655A5A6D0}.Debug|Any CPU.Build.0 = Debug|Any CPU
		{83217AB6-BF61-4373-AE29-F2F655A5A6D0}.Release|Any CPU.ActiveCfg = Release|Any CPU
		{83217AB6-BF61-4373-AE29-F2F655A5A6D0}.Release|Any CPU.Build.0 = Release|Any CPU
		{591AE43C-1FFB-4417-92F4-E095F5EB4E55}.Debug|Any CPU.ActiveCfg = Debug|Any CPU
		{591AE43C-1FFB-4417-92F4-E095F5EB4E55}.Debug|Any CPU.Build.0 = Debug|Any CPU
		{591AE43C-1FFB-4417-92F4-E095F5EB4E55}.Release|Any CPU.ActiveCfg = Release|Any CPU
		{591AE43C-1FFB-4417-92F4-E095F5EB4E55}.Release|Any CPU.Build.0 = Release|Any CPU
		{C279F38B-7E68-4D60-820F-37BF74AD673F}.Debug|Any CPU.ActiveCfg = Debug|Any CPU
		{C279F38B-7E68-4D60-820F-37BF74AD673F}.Debug|Any CPU.Build.0 = Debug|Any CPU
		{C279F38B-7E68-4D60-820F-37BF74AD673F}.Release|Any CPU.ActiveCfg = Release|Any CPU
		{C279F38B-7E68-4D60-820F-37BF74AD673F}.Release|Any CPU.Build.0 = Release|Any CPU
		{7CE22269-E105-4403-8C77-3DCD0B87ACC8}.Debug|Any CPU.ActiveCfg = Debug|Any CPU
		{7CE22269-E105-4403-8C77-3DCD0B87ACC8}.Debug|Any CPU.Build.0 = Debug|Any CPU
		{7CE22269-E105-4403-8C77-3DCD0B87ACC8}.Release|Any CPU.ActiveCfg = Release|Any CPU
		{7CE22269-E105-4403-8C77-3DCD0B87ACC8}.Release|Any CPU.Build.0 = Release|Any CPU
		{550E0141-22E9-4332-B7E0-ABC7B573B7AC}.Debug|Any CPU.ActiveCfg = Debug|Any CPU
		{550E0141-22E9-4332-B7E0-ABC7B573B7AC}.Debug|Any CPU.Build.0 = Debug|Any CPU
		{550E0141-22E9-4332-B7E0-ABC7B573B7AC}.Release|Any CPU.ActiveCfg = Release|Any CPU
		{550E0141-22E9-4332-B7E0-ABC7B573B7AC}.Release|Any CPU.Build.0 = Release|Any CPU
		{263B4C56-C29C-45A4-8A0D-B32628F061DF}.Debug|Any CPU.ActiveCfg = Debug|Any CPU
		{263B4C56-C29C-45A4-8A0D-B32628F061DF}.Debug|Any CPU.Build.0 = Debug|Any CPU
		{263B4C56-C29C-45A4-8A0D-B32628F061DF}.Release|Any CPU.ActiveCfg = Release|Any CPU
		{263B4C56-C29C-45A4-8A0D-B32628F061DF}.Release|Any CPU.Build.0 = Release|Any CPU
	EndGlobalSection
EndGlobal
