
Microsoft Visual Studio Solution File, Format Version 12.00
Project("{2150E333-8FDC-42A3-9474-1A3956D46DE8}") = "Server", "Server", "{62B8270D-94EE-4C74-989F-4E616CF246EB}"
EndProject
Project("{FAE04EC0-301F-11D3-BF4B-00C04F79EFBC}") = "Entities", "Entities\Entities.csproj", "{2C11443B-D68F-4C9B-BC61-72A0ABF45DC2}"
EndProject
Project("{FAE04EC0-301F-11D3-BF4B-00C04F79EFBC}") = "RepositoryContracts", "RepositoryContracts\RepositoryContracts.csproj", "{BE82F6F8-8478-40DF-BBCC-EC35EA916884}"
EndProject
Project("{FAE04EC0-301F-11D3-BF4B-00C04F79EFBC}") = "InMemoryRepositories", "Server\InMemoryRepositories\InMemoryRepositories.csproj", "{83217AB6-BF61-4373-AE29-F2F655A5A6D0}"
EndProject
Project("{FAE04EC0-301F-11D3-BF4B-00C04F79EFBC}") = "CLI", "Server\CLI\CLI.csproj", "{591AE43C-1FFB-4417-92F4-E095F5EB4E55}"
EndProject
Global
	GlobalSection(SolutionConfigurationPlatforms) = preSolution
		Debug|Any CPU = Debug|Any CPU
		Release|Any CPU = Release|Any CPU
	EndGlobalSection
	GlobalSection(NestedProjects) = preSolution
		{2C11443B-D68F-4C9B-BC61-72A0ABF45DC2} = {62B8270D-94EE-4C74-989F-4E616CF246EB}
		{BE82F6F8-8478-40DF-BBCC-EC35EA916884} = {62B8270D-94EE-4C74-989F-4E616CF246EB}
		{83217AB6-BF61-4373-AE29-F2F655A5A6D0} = {62B8270D-94EE-4C74-989F-4E616CF246EB}
		{591AE43C-1FFB-4417-92F4-E095F5EB4E55} = {62B8270D-94EE-4C74-989F-4E616CF246EB}
	EndGlobalSection
	GlobalSection(ProjectConfigurationPlatforms) = postSolution
		{2C11443B-D68F-4C9B-BC61-72A0ABF45DC2}.Debug|Any CPU.ActiveCfg = Debug|Any CPU
		{2C11443B-D68F-4C9B-BC61-72A0ABF45DC2}.Debug|Any CPU.Build.0 = Debug|Any CPU
		{2C11443B-D68F-4C9B-BC61-72A0ABF45DC2}.Release|Any CPU.ActiveCfg = Release|Any CPU
		{2C11443B-D68F-4C9B-BC61-72A0ABF45DC2}.Release|Any CPU.Build.0 = Release|Any CPU
		{BE82F6F8-8478-40DF-BBCC-EC35EA916884}.Debug|Any CPU.ActiveCfg = Debug|Any CPU
		{BE82F6F8-8478-40DF-BBCC-EC35EA916884}.Debug|Any CPU.Build.0 = Debug|Any CPU
		{BE82F6F8-8478-40DF-BBCC-EC35EA916884}.Release|Any CPU.ActiveCfg = Release|Any CPU
		{BE82F6F8-8478-40DF-BBCC-EC35EA916884}.Release|Any CPU.Build.0 = Release|Any CPU
		{83217AB6-BF61-4373-AE29-F2F655A5A6D0}.Debug|Any CPU.ActiveCfg = Debug|Any CPU
		{83217AB6-BF61-4373-AE29-F2F655A5A6D0}.Debug|Any CPU.Build.0 = Debug|Any CPU
		{83217AB6-BF61-4373-AE29-F2F655A5A6D0}.Release|Any CPU.ActiveCfg = Release|Any CPU
		{83217AB6-BF61-4373-AE29-F2F655A5A6D0}.Release|Any CPU.Build.0 = Release|Any CPU
		{591AE43C-1FFB-4417-92F4-E095F5EB4E55}.Debug|Any CPU.ActiveCfg = Debug|Any CPU
		{591AE43C-1FFB-4417-92F4-E095F5EB4E55}.Debug|Any CPU.Build.0 = Debug|Any CPU
		{591AE43C-1FFB-4417-92F4-E095F5EB4E55}.Release|Any CPU.ActiveCfg = Release|Any CPU
		{591AE43C-1FFB-4417-92F4-E095F5EB4E55}.Release|Any CPU.Build.0 = Release|Any CPU
	EndGlobalSection
EndGlobal
